<?xml version="1.0" encoding="utf-8"?>
<Project ToolsVersion="4.0" xmlns="http://schemas.microsoft.com/developer/msbuild/2003">
  <ItemGroup>
    <Filter Include="Source Files">
      <UniqueIdentifier>{4FC737F1-C7A5-4376-A066-2A32D752A2FF}</UniqueIdentifier>
      <Extensions>cpp;c;cc;cxx;c++;cppm;ixx;def;odl;idl;hpj;bat;asm;asmx</Extensions>
    </Filter>
    <Filter Include="Header Files">
      <UniqueIdentifier>{93995380-89BD-4b04-88EB-625FBE52EBFB}</UniqueIdentifier>
      <Extensions>h;hh;hpp;hxx;h++;hm;inl;inc;ipp;xsd</Extensions>
    </Filter>
    <Filter Include="Resource Files">
      <UniqueIdentifier>{67DA6AB6-F800-4c08-8B7A-83BB121AAD01}</UniqueIdentifier>
      <Extensions>rc;ico;cur;bmp;dlg;rc2;rct;bin;rgs;gif;jpg;jpeg;jpe;resx;tiff;tif;png;wav;mfcribbon-ms</Extensions>
    </Filter>
    <Filter Include="Header Files\Engine">
      <UniqueIdentifier>{627f96d9-d65e-4ac0-b191-93d98c195c12}</UniqueIdentifier>
    </Filter>
    <Filter Include="Source Files\Engine">
      <UniqueIdentifier>{1565b97c-6ca1-4c80-b261-99cc6e912951}</UniqueIdentifier>
    </Filter>
    <Filter Include="Header Files\Engine\GameObject">
      <UniqueIdentifier>{36369b67-4863-4bd9-877b-78775a4e70bc}</UniqueIdentifier>
    </Filter>
    <Filter Include="Source Files\Engine\GameObject">
      <UniqueIdentifier>{c9a73994-c110-4f1a-8a46-8b66aff7a4e6}</UniqueIdentifier>
    </Filter>
    <Filter Include="Header Files\SnakeLevels">
      <UniqueIdentifier>{70a4c201-1bc2-44a7-8189-83fd76a2fe5d}</UniqueIdentifier>
    </Filter>
    <Filter Include="Source Files\SnakeLevels">
      <UniqueIdentifier>{b132e8b6-642b-4a27-af7b-b3c549548017}</UniqueIdentifier>
    </Filter>
    <Filter Include="Header Files\Engine\GameWidget">
      <UniqueIdentifier>{bbbb1721-86c4-4b48-a946-6ebfab9d9cf9}</UniqueIdentifier>
    </Filter>
    <Filter Include="Source Files\Engine\GameWidget">
      <UniqueIdentifier>{6d801af6-f470-4a05-b441-c24bfd9720f2}</UniqueIdentifier>
    </Filter>
    <Filter Include="Header Files\Engine\GameWidget\Components">
      <UniqueIdentifier>{1bb2df1b-e25b-4cba-bffb-fbd171be1ec4}</UniqueIdentifier>
    </Filter>
    <Filter Include="Source Files\Engine\GameWidget\Components">
      <UniqueIdentifier>{6ef1c7a8-3c9b-4917-8879-87d7ea0267d2}</UniqueIdentifier>
    </Filter>
    <Filter Include="Header Files\Engine\GameWidget\Primitives">
      <UniqueIdentifier>{a9bc7f50-2d66-46e2-be1c-2484c883567c}</UniqueIdentifier>
    </Filter>
    <Filter Include="Source Files\Engine\GameWidget\Primitives">
      <UniqueIdentifier>{9b132cb9-9ceb-4c17-a606-e62945acb209}</UniqueIdentifier>
    </Filter>
    <Filter Include="Header Files\Engine\GameWidget\Utility">
      <UniqueIdentifier>{e441f4d5-9a8f-488e-9878-21e537ef6889}</UniqueIdentifier>
    </Filter>
    <Filter Include="Source Files\Engine\GameWidget\Utility">
      <UniqueIdentifier>{db33712a-b0fc-4d0e-9bda-5efef29b3c32}</UniqueIdentifier>
    </Filter>
    <Filter Include="Header Files\SnakeWidgets">
      <UniqueIdentifier>{6316757a-1f69-441d-877c-ba031f6ce3fc}</UniqueIdentifier>
    </Filter>
    <Filter Include="Header Files\SnakeWidgets\Menu">
      <UniqueIdentifier>{3a7b1e2b-5c70-4306-bc35-4c5d21f734f2}</UniqueIdentifier>
    </Filter>
    <Filter Include="Source Files\SnakeWidgets">
      <UniqueIdentifier>{6ebab058-ea2e-4cd3-9f82-e15d4a59dcb2}</UniqueIdentifier>
    </Filter>
    <Filter Include="Source Files\SnakeWidgets\Menu">
      <UniqueIdentifier>{f4b9648a-47b4-4144-9fd6-2562ce88e060}</UniqueIdentifier>
    </Filter>
    <Filter Include="Header Files\Engine\Render">
      <UniqueIdentifier>{4e4ccdd2-a7ec-4f5f-afe9-9f3586b1393e}</UniqueIdentifier>
    </Filter>
    <Filter Include="Source Files\Engine\Render">
      <UniqueIdentifier>{36550c90-9f73-4bac-bb67-35c50765fd4d}</UniqueIdentifier>
    </Filter>
    <Filter Include="Header Files\Engine\Input">
      <UniqueIdentifier>{59dea378-2dac-4fc4-ad26-5415389878db}</UniqueIdentifier>
    </Filter>
    <Filter Include="Source Files\Engine\Input">
      <UniqueIdentifier>{3384ac8f-cf81-48ef-8c39-45c5b1cfe48f}</UniqueIdentifier>
    </Filter>
    <Filter Include="Header Files\Engine\Events">
      <UniqueIdentifier>{4376f009-a9c2-44b8-9d0e-13a4c8b56fa2}</UniqueIdentifier>
    </Filter>
    <Filter Include="Header Files\Engine\Level">
      <UniqueIdentifier>{d5773795-a798-424c-8ae2-b8a1b60814d2}</UniqueIdentifier>
    </Filter>
    <Filter Include="Source Files\Engine\Level">
      <UniqueIdentifier>{59ce9488-979e-4cd0-b9e5-c5aa510b7a51}</UniqueIdentifier>
    </Filter>
    <Filter Include="Header Files\Engine\SceneObjects">
      <UniqueIdentifier>{812986da-8b66-4dda-9a32-da2c72c2adf9}</UniqueIdentifier>
    </Filter>
    <Filter Include="Source Files\Engine\SceneObjects">
      <UniqueIdentifier>{45c997fb-8319-48fa-8892-b4898da4bb0e}</UniqueIdentifier>
    </Filter>
    <Filter Include="Header Files\Engine\SceneObjects\Pawn">
      <UniqueIdentifier>{6d6ceba8-45ed-47d3-9be4-b861d5b3786e}</UniqueIdentifier>
    </Filter>
    <Filter Include="Source Files\Engine\SceneObjects\Pawn">
      <UniqueIdentifier>{2ca10c60-e165-4665-9bfd-3883940f753f}</UniqueIdentifier>
    </Filter>
    <Filter Include="Header Files\Engine\SceneObjects\Components">
      <UniqueIdentifier>{7bedceda-4f36-423c-9ca6-c50931f5a3d9}</UniqueIdentifier>
    </Filter>
    <Filter Include="Source Files\Engine\SceneObjects\Components">
      <UniqueIdentifier>{5103b076-7dbe-4ede-baf5-2c2200941206}</UniqueIdentifier>
    </Filter>
    <Filter Include="Header Files\Engine\Log">
      <UniqueIdentifier>{66a60216-0983-4ed0-a347-1fdd5ff0b7c6}</UniqueIdentifier>
    </Filter>
    <Filter Include="Source Files\Engine\Log">
      <UniqueIdentifier>{69889b3b-aa99-4879-9276-1ed51b93faba}</UniqueIdentifier>
    </Filter>
    <Filter Include="Header Files\SnakeObjects">
      <UniqueIdentifier>{bdb6d20c-c686-4e67-811d-837586f68e7a}</UniqueIdentifier>
    </Filter>
    <Filter Include="Source Files\SnakeObjects">
      <UniqueIdentifier>{fda23ad9-5c67-48a6-8905-c1da92ae5a00}</UniqueIdentifier>
    </Filter>
    <Filter Include="Header Files\Engine\Math">
      <UniqueIdentifier>{ea6797f9-d1b4-492d-8e9e-5f69319c2717}</UniqueIdentifier>
    </Filter>
    <Filter Include="Source Files\Engine\Math">
      <UniqueIdentifier>{418dcaf4-6fcc-41e7-9cca-e232bf620b56}</UniqueIdentifier>
    </Filter>
    <Filter Include="Header Files\Engine\CollisionDetection">
      <UniqueIdentifier>{50cad966-a26f-41c7-b337-2eb5ad8e67d7}</UniqueIdentifier>
    </Filter>
    <Filter Include="Source Files\Engine\CollisionDetection">
      <UniqueIdentifier>{8388223b-01c4-49c0-af55-d7634b40bc0e}</UniqueIdentifier>
    </Filter>
    <Filter Include="Header Files\Engine\Player">
      <UniqueIdentifier>{c527866b-0543-491c-bfd9-5d2a13382019}</UniqueIdentifier>
    </Filter>
    <Filter Include="Header Files\SnakePlayer">
      <UniqueIdentifier>{b4c7d341-e8de-402e-a837-bc3be8113bf7}</UniqueIdentifier>
    </Filter>
    <Filter Include="Source Files\SnakePlayer">
      <UniqueIdentifier>{d740daa1-1ed9-41df-b678-1bd11207e3bc}</UniqueIdentifier>
    </Filter>
    <Filter Include="Source Files\Engine\Player">
      <UniqueIdentifier>{11e31449-2a27-4520-96bf-2f7e701c10a5}</UniqueIdentifier>
    </Filter>
    <Filter Include="Header Files\SnakeWidgets\HUD">
      <UniqueIdentifier>{8c84b5ab-c0df-4461-a23d-d6469c11a19f}</UniqueIdentifier>
    </Filter>
    <Filter Include="Source Files\SnakeWidgets\HUD">
      <UniqueIdentifier>{c9e2086f-3478-4b82-a7fb-65ced6b6f45c}</UniqueIdentifier>
    </Filter>
    <Filter Include="Header Files\SnakeObjects\Components">
      <UniqueIdentifier>{d0f8817d-fa96-4384-aa10-72e80146b550}</UniqueIdentifier>
    </Filter>
    <Filter Include="Source Files\SnakeObjects\Components">
      <UniqueIdentifier>{c0f131a5-18df-4737-a005-ce20b703bfda}</UniqueIdentifier>
    </Filter>
    <Filter Include="Source Files\Engine\Other">
      <UniqueIdentifier>{c7c4e80a-a485-4d6a-8817-54ee24c5ad17}</UniqueIdentifier>
    </Filter>
    <Filter Include="Header Files\Engine\Other">
      <UniqueIdentifier>{4888d10f-a2be-4001-9493-2ba8ac15025c}</UniqueIdentifier>
    </Filter>
    <Filter Include="Header Files\Engine\Network">
      <UniqueIdentifier>{d48bbf78-a958-4ad9-885e-32b9d0bac15f}</UniqueIdentifier>
    </Filter>
    <Filter Include="Source Files\Engine\Network">
      <UniqueIdentifier>{ee0cbaa8-5971-4868-97f4-0d3312ca7e75}</UniqueIdentifier>
    </Filter>
  </ItemGroup>
  <ItemGroup>
    <ClCompile Include="Source.cpp">
      <Filter>Source Files</Filter>
    </ClCompile>
    <ClCompile Include="Engine\GameEngine.cpp">
      <Filter>Source Files\Engine</Filter>
    </ClCompile>
    <ClCompile Include="Engine\GarbageCollector.cpp">
      <Filter>Source Files\Engine</Filter>
    </ClCompile>
    <ClCompile Include="Engine\MemoryReflectionSystem.cpp">
      <Filter>Source Files\Engine</Filter>
    </ClCompile>
    <ClCompile Include="Engine\GameObject\GameObject.cpp">
      <Filter>Source Files\Engine\GameObject</Filter>
    </ClCompile>
    <ClCompile Include="SnakeLevels\StartupLevel.cpp">
      <Filter>Source Files\SnakeLevels</Filter>
    </ClCompile>
    <ClCompile Include="Engine\GameWidget\Components\GameWidget.cpp">
      <Filter>Source Files\Engine\GameWidget\Components</Filter>
    </ClCompile>
    <ClCompile Include="Engine\GameWidget\Components\UserWidget.cpp">
      <Filter>Source Files\Engine\GameWidget\Components</Filter>
    </ClCompile>
    <ClCompile Include="Engine\GameWidget\Primitives\BrushPrimitive.cpp">
      <Filter>Source Files\Engine\GameWidget\Primitives</Filter>
    </ClCompile>
    <ClCompile Include="Engine\GameWidget\Components\PanelWidget.cpp">
      <Filter>Source Files\Engine\GameWidget\Components</Filter>
    </ClCompile>
    <ClCompile Include="Engine\GameWidget\Components\CanvasWidget.cpp">
      <Filter>Source Files\Engine\GameWidget\Components</Filter>
    </ClCompile>
    <ClCompile Include="Engine\GameWidget\Components\WidgetTree.cpp">
      <Filter>Source Files\Engine\GameWidget\Components</Filter>
    </ClCompile>
    <ClCompile Include="Engine\GameWidget\Utility\AlignmentSettings.cpp">
      <Filter>Source Files\Engine\GameWidget\Utility</Filter>
    </ClCompile>
    <ClCompile Include="SnakeWidgets\Menu\MainMenuWidget.cpp">
      <Filter>Source Files\SnakeWidgets\Menu</Filter>
    </ClCompile>
    <ClCompile Include="Engine\Render\RenderManager.cpp">
      <Filter>Source Files\Engine\Render</Filter>
    </ClCompile>
    <ClCompile Include="Engine\GameWidget\Components\VerticalBox.cpp">
      <Filter>Source Files\Engine\GameWidget\Components</Filter>
    </ClCompile>
    <ClCompile Include="Engine\GameWidget\Utility\WidgetContainerComponent.cpp">
      <Filter>Source Files\Engine\GameWidget\Utility</Filter>
    </ClCompile>
    <ClCompile Include="Engine\GameWidget\Components\Button.cpp">
      <Filter>Source Files\Engine\GameWidget\Components</Filter>
    </ClCompile>
    <ClCompile Include="Engine\Input\InputManager.cpp">
      <Filter>Source Files\Engine\Input</Filter>
    </ClCompile>
    <ClCompile Include="Engine\Input\InputUtility.cpp">
      <Filter>Source Files\Engine\Input</Filter>
    </ClCompile>
    <ClCompile Include="Engine\GameWidget\Components\TextBlock.cpp">
      <Filter>Source Files\Engine\GameWidget\Components</Filter>
    </ClCompile>
    <ClCompile Include="Engine\GameWidget\Primitives\TextPrimitive.cpp">
      <Filter>Source Files\Engine\GameWidget\Primitives</Filter>
    </ClCompile>
    <ClCompile Include="Engine\Level\GameLevel.cpp">
      <Filter>Source Files\Engine\Level</Filter>
    </ClCompile>
    <ClCompile Include="Engine\Level\LevelManager.cpp">
      <Filter>Source Files\Engine\Level</Filter>
    </ClCompile>
    <ClCompile Include="SnakeLevels\PlayLevel.cpp">
      <Filter>Source Files\SnakeLevels</Filter>
    </ClCompile>
    <ClCompile Include="Engine\SceneObjects\Pawn\GamePawn.cpp">
      <Filter>Source Files\Engine\SceneObjects\Pawn</Filter>
    </ClCompile>
    <ClCompile Include="Engine\SceneObjects\SceneObject.cpp">
      <Filter>Source Files\Engine\SceneObjects</Filter>
    </ClCompile>
    <ClCompile Include="Engine\SceneObjects\Components\ImageComponent.cpp">
      <Filter>Source Files\Engine\SceneObjects\Components</Filter>
    </ClCompile>
    <ClCompile Include="Engine\Log\Logger.cpp">
      <Filter>Source Files\Engine\Log</Filter>
    </ClCompile>
    <ClCompile Include="Engine\SceneObjects\Components\SceneComponent.cpp">
      <Filter>Source Files\Engine\SceneObjects\Components</Filter>
    </ClCompile>
    <ClCompile Include="SnakeObjects\SnakePawn.cpp">
      <Filter>Source Files\SnakeObjects</Filter>
    </ClCompile>
    <ClCompile Include="Engine\SceneObjects\Components\InputComponent.cpp">
      <Filter>Source Files\Engine\SceneObjects\Components</Filter>
    </ClCompile>
    <ClCompile Include="Engine\Input\InputAction.cpp">
      <Filter>Source Files\Engine\Input</Filter>
    </ClCompile>
    <ClCompile Include="Engine\SceneObjects\Components\MovementComponent.cpp">
      <Filter>Source Files\Engine\SceneObjects\Components</Filter>
    </ClCompile>
    <ClCompile Include="SnakeObjects\Food.cpp">
      <Filter>Source Files\SnakeObjects</Filter>
    </ClCompile>
    <ClCompile Include="Engine\Math\MathLibrary.cpp">
      <Filter>Source Files\Engine\Math</Filter>
    </ClCompile>
    <ClCompile Include="Engine\SceneObjects\Components\CollisionComponent.cpp">
      <Filter>Source Files\Engine\SceneObjects\Components</Filter>
    </ClCompile>
    <ClCompile Include="Engine\CollisionDetection\CollisionManager.cpp">
      <Filter>Source Files\Engine\CollisionDetection</Filter>
    </ClCompile>
    <ClCompile Include="Engine\CollisionDetection\QuadTree.cpp">
      <Filter>Source Files\Engine\CollisionDetection</Filter>
    </ClCompile>
    <ClCompile Include="Engine\SceneObjects\Components\BoxComponent.cpp">
      <Filter>Source Files\Engine\SceneObjects\Components</Filter>
    </ClCompile>
    <ClCompile Include="SnakePlayer\SnakePlayerState.cpp">
      <Filter>Source Files\SnakePlayer</Filter>
    </ClCompile>
    <ClCompile Include="Engine\Player\PlayerManager.cpp">
      <Filter>Source Files\Engine\Player</Filter>
    </ClCompile>
    <ClCompile Include="Engine\Player\PlayerState.cpp">
      <Filter>Source Files\Engine\Player</Filter>
    </ClCompile>
    <ClCompile Include="Engine\EngineFactory.cpp">
      <Filter>Source Files\Engine</Filter>
    </ClCompile>
    <ClCompile Include="SnakeWidgets\HUD\PlayerHUDWidget.cpp">
      <Filter>Source Files\SnakeWidgets\HUD</Filter>
    </ClCompile>
    <ClCompile Include="Engine\GameWidget\GameWidgetManager.cpp">
      <Filter>Source Files\Engine\GameWidget</Filter>
    </ClCompile>
    <ClCompile Include="SnakeObjects\Components\BodyCollisionComponent.cpp">
      <Filter>Source Files\SnakeObjects\Components</Filter>
    </ClCompile>
    <ClCompile Include="SnakeWidgets\Menu\PlayerLostMenuWidget.cpp">
      <Filter>Source Files\SnakeWidgets\Menu</Filter>
    </ClCompile>
    <ClCompile Include="Engine\GameWidget\Components\HorizontalBox.cpp">
      <Filter>Source Files\Engine\GameWidget\Components</Filter>
    </ClCompile>
    <ClCompile Include="SnakeWidgets\Menu\GameMenuWidget.cpp">
      <Filter>Source Files\SnakeWidgets\Menu</Filter>
    </ClCompile>
    <ClCompile Include="Engine\Other\TimeManager.cpp">
      <Filter>Source Files\Engine\Other</Filter>
    </ClCompile>
    <ClCompile Include="Engine\Other\ProfilerManager.cpp">
      <Filter>Source Files\Engine\Other</Filter>
    </ClCompile>
    <ClCompile Include="Engine\Network\NetworkManager.cpp">
      <Filter>Source Files\Engine\Network</Filter>
    </ClCompile>
    <ClCompile Include="Engine\Network\ListenServer.cpp">
      <Filter>Source Files\Engine\Network</Filter>
    </ClCompile>
    <ClCompile Include="Engine\GameWidget\Components\PageContainer.cpp">
      <Filter>Source Files\Engine\GameWidget\Components</Filter>
    </ClCompile>
    <ClCompile Include="SnakeWidgets\WidgetsFactory.cpp">
      <Filter>Source Files\SnakeWidgets</Filter>
    </ClCompile>
    <ClCompile Include="Engine\Network\SocketHandler.cpp">
      <Filter>Source Files\Engine\Network</Filter>
    </ClCompile>
    <ClCompile Include="Engine\Network\NetClient.cpp">
      <Filter>Source Files\Engine\Network</Filter>
    </ClCompile>
    <ClCompile Include="SnakeLevels\LobbyLevel.cpp">
      <Filter>Source Files\SnakeLevels</Filter>
    </ClCompile>
    <ClCompile Include="SnakeWidgets\Menu\LobbyServerWidget.cpp">
      <Filter>Source Files\SnakeWidgets\Menu</Filter>
    </ClCompile>
    <ClCompile Include="SnakeWidgets\Menu\LobbyClientWidget.cpp">
      <Filter>Source Files\SnakeWidgets\Menu</Filter>
    </ClCompile>
    <ClCompile Include="Engine\Network\NetworkEngineUtility.cpp">
      <Filter>Source Files\Engine\Network</Filter>
    </ClCompile>
    <ClCompile Include="Engine\GameWidget\Components\TextEditBox.cpp">
      <Filter>Source Files\Engine\GameWidget\Components</Filter>
    </ClCompile>
  </ItemGroup>
  <ItemGroup>
    <ClInclude Include="Engine\GameEngine.h">
      <Filter>Header Files\Engine</Filter>
    </ClInclude>
    <ClInclude Include="Engine\GarbageCollector.h">
      <Filter>Header Files\Engine</Filter>
    </ClInclude>
    <ClInclude Include="Engine\MemoryReflectionSystem.h">
      <Filter>Header Files\Engine</Filter>
    </ClInclude>
    <ClInclude Include="Engine\GameObject\GameObject.h">
      <Filter>Header Files\Engine\GameObject</Filter>
    </ClInclude>
    <ClInclude Include="Engine\GameObject\GameObjectPtr.h">
      <Filter>Header Files\Engine\GameObject</Filter>
    </ClInclude>
    <ClInclude Include="Engine\GameObject\GameObjectUtility.h">
      <Filter>Header Files\Engine\GameObject</Filter>
    </ClInclude>
    <ClInclude Include="SnakeLevels\StartupLevel.h">
      <Filter>Header Files\SnakeLevels</Filter>
    </ClInclude>
    <ClInclude Include="Engine\GameWidget\Components\GameWidget.h">
      <Filter>Header Files\Engine\GameWidget\Components</Filter>
    </ClInclude>
    <ClInclude Include="Engine\GameWidget\Components\UserWidget.h">
      <Filter>Header Files\Engine\GameWidget\Components</Filter>
    </ClInclude>
    <ClInclude Include="Engine\GameWidget\Primitives\BrushPrimitive.h">
      <Filter>Header Files\Engine\GameWidget\Primitives</Filter>
    </ClInclude>
    <ClInclude Include="Engine\GameWidget\Utility\BrushStyle.h">
      <Filter>Header Files\Engine\GameWidget\Utility</Filter>
    </ClInclude>
    <ClInclude Include="Engine\GameWidget\Components\PanelWidget.h">
      <Filter>Header Files\Engine\GameWidget\Components</Filter>
    </ClInclude>
    <ClInclude Include="Engine\GameWidget\Utility\AlignmentSettings.h">
      <Filter>Header Files\Engine\GameWidget\Utility</Filter>
    </ClInclude>
    <ClInclude Include="Engine\GameWidget\Components\CanvasWidget.h">
      <Filter>Header Files\Engine\GameWidget\Components</Filter>
    </ClInclude>
    <ClInclude Include="Engine\GameWidget\Components\WidgetTree.h">
      <Filter>Header Files\Engine\GameWidget\Components</Filter>
    </ClInclude>
    <ClInclude Include="Engine\GameWidget\Utility\LayoutSettings.h">
      <Filter>Header Files\Engine\GameWidget\Utility</Filter>
    </ClInclude>
    <ClInclude Include="Engine\GameWidget\Utility\WidgetComponent.h">
      <Filter>Header Files\Engine\GameWidget\Utility</Filter>
    </ClInclude>
    <ClInclude Include="SnakeWidgets\Menu\MainMenuWidget.h">
      <Filter>Header Files\SnakeWidgets\Menu</Filter>
    </ClInclude>
    <ClInclude Include="Engine\Render\RenderManager.h">
      <Filter>Header Files\Engine\Render</Filter>
    </ClInclude>
    <ClInclude Include="Engine\Render\Renderable.h">
      <Filter>Header Files\Engine\Render</Filter>
    </ClInclude>
    <ClInclude Include="Engine\EngineUtility.h">
      <Filter>Header Files\Engine</Filter>
    </ClInclude>
    <ClInclude Include="Engine\GameWidget\Components\VerticalBox.h">
      <Filter>Header Files\Engine\GameWidget\Components</Filter>
    </ClInclude>
    <ClInclude Include="Engine\GameWidget\Utility\WidgetContainerComponent.h">
      <Filter>Header Files\Engine\GameWidget\Utility</Filter>
    </ClInclude>
    <ClInclude Include="Engine\GameWidget\Components\Button.h">
      <Filter>Header Files\Engine\GameWidget\Components</Filter>
    </ClInclude>
    <ClInclude Include="Engine\Input\InputManager.h">
      <Filter>Header Files\Engine\Input</Filter>
    </ClInclude>
    <ClInclude Include="Engine\Events\EventManager.h">
      <Filter>Header Files\Engine\Events</Filter>
    </ClInclude>
    <ClInclude Include="Engine\Events\EventDelegate.h">
      <Filter>Header Files\Engine\Events</Filter>
    </ClInclude>
    <ClInclude Include="Engine\Input\InputUtility.h">
      <Filter>Header Files\Engine\Input</Filter>
    </ClInclude>
    <ClInclude Include="Engine\Input\InputHandler.h">
      <Filter>Header Files\Engine\Input</Filter>
    </ClInclude>
    <ClInclude Include="Engine\GameWidget\Components\TextBlock.h">
      <Filter>Header Files\Engine\GameWidget\Components</Filter>
    </ClInclude>
    <ClInclude Include="Engine\GameWidget\Primitives\TextPrimitive.h">
      <Filter>Header Files\Engine\GameWidget\Primitives</Filter>
    </ClInclude>
    <ClInclude Include="Engine\GameWidget\Utility\FontStyle.h">
      <Filter>Header Files\Engine\GameWidget\Utility</Filter>
    </ClInclude>
    <ClInclude Include="Engine\Level\GameLevel.h">
      <Filter>Header Files\Engine\Level</Filter>
    </ClInclude>
    <ClInclude Include="Engine\Level\LevelManager.h">
      <Filter>Header Files\Engine\Level</Filter>
    </ClInclude>
    <ClInclude Include="SnakeLevels\PlayLevel.h">
      <Filter>Header Files\SnakeLevels</Filter>
    </ClInclude>
    <ClInclude Include="Engine\EngineTypes.h">
      <Filter>Header Files\Engine</Filter>
    </ClInclude>
    <ClInclude Include="Engine\SceneObjects\Pawn\GamePawn.h">
      <Filter>Header Files\Engine\SceneObjects\Pawn</Filter>
    </ClInclude>
    <ClInclude Include="Engine\SceneObjects\SceneObject.h">
      <Filter>Header Files\Engine\SceneObjects</Filter>
    </ClInclude>
    <ClInclude Include="Engine\SceneObjects\Components\ImageComponent.h">
      <Filter>Header Files\Engine\SceneObjects\Components</Filter>
    </ClInclude>
    <ClInclude Include="Engine\SceneObjects\Components\SceneComponent.h">
      <Filter>Header Files\Engine\SceneObjects\Components</Filter>
    </ClInclude>
    <ClInclude Include="Engine\SceneObjects\Components\ObjectComponent.h">
      <Filter>Header Files\Engine\SceneObjects\Components</Filter>
    </ClInclude>
    <ClInclude Include="Engine\Log\Logger.h">
      <Filter>Header Files\Engine\Log</Filter>
    </ClInclude>
    <ClInclude Include="SnakeObjects\SnakePawn.h">
      <Filter>Header Files\SnakeObjects</Filter>
    </ClInclude>
    <ClInclude Include="Engine\SceneObjects\Components\InputComponent.h">
      <Filter>Header Files\Engine\SceneObjects\Components</Filter>
    </ClInclude>
    <ClInclude Include="Engine\Input\InputAction.h">
      <Filter>Header Files\Engine\Input</Filter>
    </ClInclude>
    <ClInclude Include="Engine\SceneObjects\Components\MovementComponent.h">
      <Filter>Header Files\Engine\SceneObjects\Components</Filter>
    </ClInclude>
    <ClInclude Include="SnakeObjects\Food.h">
      <Filter>Header Files\SnakeObjects</Filter>
    </ClInclude>
    <ClInclude Include="Engine\Math\MathLibrary.h">
      <Filter>Header Files\Engine\Math</Filter>
    </ClInclude>
    <ClInclude Include="Engine\SceneObjects\Components\CollisionComponent.h">
      <Filter>Header Files\Engine\SceneObjects\Components</Filter>
    </ClInclude>
    <ClInclude Include="Engine\CollisionDetection\CollisionManager.h">
      <Filter>Header Files\Engine\CollisionDetection</Filter>
    </ClInclude>
    <ClInclude Include="Engine\CollisionDetection\QuadTree.h">
      <Filter>Header Files\Engine\CollisionDetection</Filter>
    </ClInclude>
    <ClInclude Include="Engine\CollisionDetection\Collider.h">
      <Filter>Header Files\Engine\CollisionDetection</Filter>
    </ClInclude>
    <ClInclude Include="Engine\CollisionDetection\CollisionTypes.h">
      <Filter>Header Files\Engine\CollisionDetection</Filter>
    </ClInclude>
    <ClInclude Include="Engine\SceneObjects\Components\BoxComponent.h">
      <Filter>Header Files\Engine\SceneObjects\Components</Filter>
    </ClInclude>
    <ClInclude Include="Engine\Player\PlayerState.h">
      <Filter>Header Files\Engine\Player</Filter>
    </ClInclude>
    <ClInclude Include="SnakePlayer\SnakePlayerState.h">
      <Filter>Header Files\SnakePlayer</Filter>
    </ClInclude>
    <ClInclude Include="Engine\Player\PlayerManager.h">
      <Filter>Header Files\Engine\Player</Filter>
    </ClInclude>
    <ClInclude Include="Engine\EngineFactory.h">
      <Filter>Header Files\Engine</Filter>
    </ClInclude>
    <ClInclude Include="SnakeWidgets\HUD\PlayerHUDWidget.h">
      <Filter>Header Files\SnakeWidgets\HUD</Filter>
    </ClInclude>
    <ClInclude Include="Engine\GameWidget\GameWidgetManager.h">
      <Filter>Header Files\Engine\GameWidget</Filter>
    </ClInclude>
    <ClInclude Include="SnakeObjects\Components\BodyCollisionComponent.h">
      <Filter>Header Files\SnakeObjects\Components</Filter>
    </ClInclude>
    <ClInclude Include="SnakeUtility.h">
      <Filter>Header Files</Filter>
    </ClInclude>
    <ClInclude Include="SnakeWidgets\Menu\PlayerLostMenuWidget.h">
      <Filter>Header Files\SnakeWidgets\Menu</Filter>
    </ClInclude>
    <ClInclude Include="Engine\GameWidget\Components\HorizontalBox.h">
      <Filter>Header Files\Engine\GameWidget\Components</Filter>
    </ClInclude>
    <ClInclude Include="SnakeDelegates.h">
      <Filter>Header Files</Filter>
    </ClInclude>
    <ClInclude Include="SnakeWidgets\Menu\GameMenuWidget.h">
      <Filter>Header Files\SnakeWidgets\Menu</Filter>
    </ClInclude>
    <ClInclude Include="Engine\Other\TimeManager.h">
      <Filter>Header Files\Engine\Other</Filter>
    </ClInclude>
    <ClInclude Include="Engine\Other\ProfilerManager.h">
      <Filter>Header Files\Engine\Other</Filter>
    </ClInclude>
    <ClInclude Include="Engine\Network\NetworkManager.h">
      <Filter>Header Files\Engine\Network</Filter>
    </ClInclude>
    <ClInclude Include="Engine\Network\ListenServer.h">
      <Filter>Header Files\Engine\Network</Filter>
    </ClInclude>
    <ClInclude Include="Engine\Network\NetworkEngineUtility.h">
      <Filter>Header Files\Engine\Network</Filter>
    </ClInclude>
    <ClInclude Include="Engine\GameWidget\Components\PageContainer.h">
      <Filter>Header Files\Engine\GameWidget\Components</Filter>
    </ClInclude>
    <ClInclude Include="SnakeWidgets\WidgetsFactory.h">
      <Filter>Header Files\SnakeWidgets</Filter>
    </ClInclude>
    <ClInclude Include="Engine\Network\SocketHandler.h">
      <Filter>Header Files\Engine\Network</Filter>
    </ClInclude>
    <ClInclude Include="Engine\Network\NetClient.h">
      <Filter>Header Files\Engine\Network</Filter>
    </ClInclude>
    <ClInclude Include="SnakeLevels\LobbyLevel.h">
      <Filter>Header Files\SnakeLevels</Filter>
    </ClInclude>
    <ClInclude Include="SnakeWidgets\Menu\LobbyServerWidget.h">
      <Filter>Header Files\SnakeWidgets\Menu</Filter>
    </ClInclude>
    <ClInclude Include="SnakeWidgets\Menu\LobbyClientWidget.h">
      <Filter>Header Files\SnakeWidgets\Menu</Filter>
    </ClInclude>
    <ClInclude Include="Engine\GameWidget\Components\TextEditBox.h">
      <Filter>Header Files\Engine\GameWidget\Components</Filter>
    </ClInclude>
    <ClInclude Include="Engine\Network\ReplicationUtility.h">
      <Filter>Header Files\Engine\Network</Filter>
    </ClInclude>
  </ItemGroup>
</Project>